
Microsoft Visual Studio Solution File, Format Version 12.00
# Visual Studio Version 17
VisualStudioVersion = 17.6.33723.286
MinimumVisualStudioVersion = 10.0.40219.1
Project("{FAE04EC0-301F-11D3-BF4B-00C04F79EFBC}") = "ServiceLocator", "ServiceLocator\ServiceLocator.csproj", "{AFD0391C-FAD5-476B-A934-C37CD0E5E1DF}"
EndProject
Global
	GlobalSection(SolutionConfigurationPlatforms) = preSolution
		Debug|Any CPU = Debug|Any CPU
		Release|Any CPU = Release|Any CPU
	EndGlobalSection
	GlobalSection(ProjectConfigurationPlatforms) = postSolution
		{AFD0391C-FAD5-476B-A934-C37CD0E5E1DF}.Debug|Any CPU.ActiveCfg = Debug|Any CPU
		{AFD0391C-FAD5-476B-A934-C37CD0E5E1DF}.Debug|Any CPU.Build.0 = Debug|Any CPU
		{AFD0391C-FAD5-476B-A934-C37CD0E5E1DF}.Release|Any CPU.ActiveCfg = Release|Any CPU
		{AFD0391C-FAD5-476B-A934-C37CD0E5E1DF}.Release|Any CPU.Build.0 = Release|Any CPU
	EndGlobalSection
	GlobalSection(SolutionProperties) = preSolution
		HideSolutionNode = FALSE
	EndGlobalSection
	GlobalSection(ExtensibilityGlobals) = postSolution
		SolutionGuid = {86729437-4BD2-4A7F-925E-729D605763EC}
	EndGlobalSection
EndGlobal
